// !$*UTF8*$!
{
	archiveVersion = 1;
	classes = {
	};
	objectVersion = 50;
	objects = {

/* Begin PBXBuildFile section */
		402CDB6E2399FA8C00719310 /* SpaceShip.cpp in Sources */ = {isa = PBXBuildFile; fileRef = 402CDB6C2399FA8C00719310 /* SpaceShip.cpp */; };
		4050AB59239C0D140022C0EC /* MainCharacter.cpp in Sources */ = {isa = PBXBuildFile; fileRef = 4050AB57239C0D140022C0EC /* MainCharacter.cpp */; };
		40526DDB2395D94300A4BAD4 /* Vampire.cpp in Sources */ = {isa = PBXBuildFile; fileRef = 40526DD82395D94300A4BAD4 /* Vampire.cpp */; };
		40526DDF2395DEB700A4BAD4 /* Menu.cpp in Sources */ = {isa = PBXBuildFile; fileRef = 40526DDD2395DEB700A4BAD4 /* Menu.cpp */; };
		40526DE223962B0300A4BAD4 /* HomeSpace.cpp in Sources */ = {isa = PBXBuildFile; fileRef = 40526DE023962B0300A4BAD4 /* HomeSpace.cpp */; };
		40526DE523962C0000A4BAD4 /* ClueSpace.cpp in Sources */ = {isa = PBXBuildFile; fileRef = 40526DE323962C0000A4BAD4 /* ClueSpace.cpp */; };
		40526DE823962C0C00A4BAD4 /* MonsterSpace.cpp in Sources */ = {isa = PBXBuildFile; fileRef = 40526DE623962C0C00A4BAD4 /* MonsterSpace.cpp */; };
		40526DEB2396301B00A4BAD4 /* Item.cpp in Sources */ = {isa = PBXBuildFile; fileRef = 40526DE92396301B00A4BAD4 /* Item.cpp */; };
		40B04FBE239B4AD200C65C2F /* WereWolf.cpp in Sources */ = {isa = PBXBuildFile; fileRef = 40B04FBC239B4AD200C65C2F /* WereWolf.cpp */; };
		40B04FC1239B687300C65C2F /* Frankenstein.cpp in Sources */ = {isa = PBXBuildFile; fileRef = 40B04FBF239B687300C65C2F /* Frankenstein.cpp */; };
		40B04FC4239B688400C65C2F /* Medusa.cpp in Sources */ = {isa = PBXBuildFile; fileRef = 40B04FC2239B688400C65C2F /* Medusa.cpp */; };
		40BE9D052394D4E200802561 /* main.cpp in Sources */ = {isa = PBXBuildFile; fileRef = 40BE9D042394D4E200802561 /* main.cpp */; };
/* End PBXBuildFile section */

/* Begin PBXCopyFilesBuildPhase section */
		40BE9CFF2394D4E200802561 /* CopyFiles */ = {
			isa = PBXCopyFilesBuildPhase;
			buildActionMask = 2147483647;
			dstPath = /usr/share/man/man1/;
			dstSubfolderSpec = 0;
			files = (
			);
			runOnlyForDeploymentPostprocessing = 1;
		};
/* End PBXCopyFilesBuildPhase section */

/* Begin PBXFileReference section */
		402CDB6C2399FA8C00719310 /* SpaceShip.cpp */ = {isa = PBXFileReference; lastKnownFileType = sourcecode.cpp.cpp; path = SpaceShip.cpp; sourceTree = "<group>"; };
		402CDB6D2399FA8C00719310 /* SpaceShip.hpp */ = {isa = PBXFileReference; lastKnownFileType = sourcecode.cpp.h; path = SpaceShip.hpp; sourceTree = "<group>"; };
		402CDB70239A15D900719310 /* Character.hpp */ = {isa = PBXFileReference; lastKnownFileType = sourcecode.cpp.h; path = Character.hpp; sourceTree = "<group>"; };
		4050AB57239C0D140022C0EC /* MainCharacter.cpp */ = {isa = PBXFileReference; lastKnownFileType = sourcecode.cpp.cpp; path = MainCharacter.cpp; sourceTree = "<group>"; };
		4050AB58239C0D140022C0EC /* MainCharacter.hpp */ = {isa = PBXFileReference; lastKnownFileType = sourcecode.cpp.h; path = MainCharacter.hpp; sourceTree = "<group>"; };
		40526DD82395D94300A4BAD4 /* Vampire.cpp */ = {isa = PBXFileReference; fileEncoding = 4; lastKnownFileType = sourcecode.cpp.cpp; path = Vampire.cpp; sourceTree = "<group>"; };
		40526DD92395D94300A4BAD4 /* Vampire.hpp */ = {isa = PBXFileReference; fileEncoding = 4; lastKnownFileType = sourcecode.cpp.h; path = Vampire.hpp; sourceTree = "<group>"; };
		40526DDC2395D99B00A4BAD4 /* Space.hpp */ = {isa = PBXFileReference; fileEncoding = 4; lastKnownFileType = sourcecode.cpp.h; path = Space.hpp; sourceTree = "<group>"; };
		40526DDD2395DEB700A4BAD4 /* Menu.cpp */ = {isa = PBXFileReference; fileEncoding = 4; lastKnownFileType = sourcecode.cpp.cpp; path = Menu.cpp; sourceTree = "<group>"; };
		40526DDE2395DEB700A4BAD4 /* Menu.hpp */ = {isa = PBXFileReference; fileEncoding = 4; lastKnownFileType = sourcecode.cpp.h; path = Menu.hpp; sourceTree = "<group>"; };
		40526DE023962B0300A4BAD4 /* HomeSpace.cpp */ = {isa = PBXFileReference; lastKnownFileType = sourcecode.cpp.cpp; path = HomeSpace.cpp; sourceTree = "<group>"; };
		40526DE123962B0300A4BAD4 /* HomeSpace.hpp */ = {isa = PBXFileReference; lastKnownFileType = sourcecode.cpp.h; path = HomeSpace.hpp; sourceTree = "<group>"; };
		40526DE323962C0000A4BAD4 /* ClueSpace.cpp */ = {isa = PBXFileReference; lastKnownFileType = sourcecode.cpp.cpp; path = ClueSpace.cpp; sourceTree = "<group>"; };
		40526DE423962C0000A4BAD4 /* ClueSpace.hpp */ = {isa = PBXFileReference; lastKnownFileType = sourcecode.cpp.h; path = ClueSpace.hpp; sourceTree = "<group>"; };
		40526DE623962C0C00A4BAD4 /* MonsterSpace.cpp */ = {isa = PBXFileReference; lastKnownFileType = sourcecode.cpp.cpp; path = MonsterSpace.cpp; sourceTree = "<group>"; };
		40526DE723962C0C00A4BAD4 /* MonsterSpace.hpp */ = {isa = PBXFileReference; lastKnownFileType = sourcecode.cpp.h; path = MonsterSpace.hpp; sourceTree = "<group>"; };
		40526DE92396301B00A4BAD4 /* Item.cpp */ = {isa = PBXFileReference; lastKnownFileType = sourcecode.cpp.cpp; path = Item.cpp; sourceTree = "<group>"; };
		40526DEA2396301B00A4BAD4 /* Item.hpp */ = {isa = PBXFileReference; lastKnownFileType = sourcecode.cpp.h; path = Item.hpp; sourceTree = "<group>"; };
		40653D09239F11FC00A3B675 /* Makefile */ = {isa = PBXFileReference; fileEncoding = 4; lastKnownFileType = sourcecode.make; path = Makefile; sourceTree = "<group>"; };
		40B04FBC239B4AD200C65C2F /* WereWolf.cpp */ = {isa = PBXFileReference; lastKnownFileType = sourcecode.cpp.cpp; path = WereWolf.cpp; sourceTree = "<group>"; };
		40B04FBD239B4AD200C65C2F /* WereWolf.hpp */ = {isa = PBXFileReference; lastKnownFileType = sourcecode.cpp.h; path = WereWolf.hpp; sourceTree = "<group>"; };
		40B04FBF239B687300C65C2F /* Frankenstein.cpp */ = {isa = PBXFileReference; lastKnownFileType = sourcecode.cpp.cpp; path = Frankenstein.cpp; sourceTree = "<group>"; };
		40B04FC0239B687300C65C2F /* Frankenstein.hpp */ = {isa = PBXFileReference; lastKnownFileType = sourcecode.cpp.h; path = Frankenstein.hpp; sourceTree = "<group>"; };
		40B04FC2239B688400C65C2F /* Medusa.cpp */ = {isa = PBXFileReference; lastKnownFileType = sourcecode.cpp.cpp; path = Medusa.cpp; sourceTree = "<group>"; };
		40B04FC3239B688400C65C2F /* Medusa.hpp */ = {isa = PBXFileReference; lastKnownFileType = sourcecode.cpp.h; path = Medusa.hpp; sourceTree = "<group>"; };
		40BE9D012394D4E200802561 /* FinalProject */ = {isa = PBXFileReference; explicitFileType = "compiled.mach-o.executable"; includeInIndex = 0; path = FinalProject; sourceTree = BUILT_PRODUCTS_DIR; };
		40BE9D042394D4E200802561 /* main.cpp */ = {isa = PBXFileReference; lastKnownFileType = sourcecode.cpp.cpp; path = main.cpp; sourceTree = "<group>"; };
/* End PBXFileReference section */

/* Begin PBXFrameworksBuildPhase section */
		40BE9CFE2394D4E200802561 /* Frameworks */ = {
			isa = PBXFrameworksBuildPhase;
			buildActionMask = 2147483647;
			files = (
			);
			runOnlyForDeploymentPostprocessing = 0;
		};
/* End PBXFrameworksBuildPhase section */

/* Begin PBXGroup section */
		40BE9CF82394D4E200802561 = {
			isa = PBXGroup;
			children = (
				40BE9D032394D4E200802561 /* FinalProject */,
				40BE9D022394D4E200802561 /* Products */,
			);
			sourceTree = "<group>";
		};
		40BE9D022394D4E200802561 /* Products */ = {
			isa = PBXGroup;
			children = (
				40BE9D012394D4E200802561 /* FinalProject */,
			);
			name = Products;
			sourceTree = "<group>";
		};
		40BE9D032394D4E200802561 /* FinalProject */ = {
			isa = PBXGroup;
			children = (
				40653D09239F11FC00A3B675 /* Makefile */,
				40BE9D042394D4E200802561 /* main.cpp */,
				402CDB70239A15D900719310 /* Character.hpp */,
				40526DD82395D94300A4BAD4 /* Vampire.cpp */,
				40526DD92395D94300A4BAD4 /* Vampire.hpp */,
				40B04FBC239B4AD200C65C2F /* WereWolf.cpp */,
				40B04FBD239B4AD200C65C2F /* WereWolf.hpp */,
				40B04FC2239B688400C65C2F /* Medusa.cpp */,
				40B04FC3239B688400C65C2F /* Medusa.hpp */,
				40B04FBF239B687300C65C2F /* Frankenstein.cpp */,
				40B04FC0239B687300C65C2F /* Frankenstein.hpp */,
				4050AB57239C0D140022C0EC /* MainCharacter.cpp */,
				4050AB58239C0D140022C0EC /* MainCharacter.hpp */,
				40526DDC2395D99B00A4BAD4 /* Space.hpp */,
				40526DE023962B0300A4BAD4 /* HomeSpace.cpp */,
				40526DE123962B0300A4BAD4 /* HomeSpace.hpp */,
				40526DE323962C0000A4BAD4 /* ClueSpace.cpp */,
				40526DE423962C0000A4BAD4 /* ClueSpace.hpp */,
				40526DE623962C0C00A4BAD4 /* MonsterSpace.cpp */,
				40526DE723962C0C00A4BAD4 /* MonsterSpace.hpp */,
				402CDB6C2399FA8C00719310 /* SpaceShip.cpp */,
				402CDB6D2399FA8C00719310 /* SpaceShip.hpp */,
				40526DDD2395DEB700A4BAD4 /* Menu.cpp */,
				40526DDE2395DEB700A4BAD4 /* Menu.hpp */,
				40526DE92396301B00A4BAD4 /* Item.cpp */,
				40526DEA2396301B00A4BAD4 /* Item.hpp */,
			);
			path = FinalProject;
			sourceTree = "<group>";
		};
/* End PBXGroup section */

/* Begin PBXNativeTarget section */
		40BE9D002394D4E200802561 /* FinalProject */ = {
			isa = PBXNativeTarget;
			buildConfigurationList = 40BE9D082394D4E200802561 /* Build configuration list for PBXNativeTarget "FinalProject" */;
			buildPhases = (
				40BE9CFD2394D4E200802561 /* Sources */,
				40BE9CFE2394D4E200802561 /* Frameworks */,
				40BE9CFF2394D4E200802561 /* CopyFiles */,
			);
			buildRules = (
			);
			dependencies = (
			);
			name = FinalProject;
			productName = FinalProject;
			productReference = 40BE9D012394D4E200802561 /* FinalProject */;
			productType = "com.apple.product-type.tool";
		};
/* End PBXNativeTarget section */

/* Begin PBXProject section */
		40BE9CF92394D4E200802561 /* Project object */ = {
			isa = PBXProject;
			attributes = {
				LastUpgradeCheck = 1120;
				ORGANIZATIONNAME = "Chunghee Kim";
				TargetAttributes = {
					40BE9D002394D4E200802561 = {
						CreatedOnToolsVersion = 11.2.1;
					};
				};
			};
			buildConfigurationList = 40BE9CFC2394D4E200802561 /* Build configuration list for PBXProject "FinalProject" */;
			compatibilityVersion = "Xcode 9.3";
			developmentRegion = en;
			hasScannedForEncodings = 0;
			knownRegions = (
				en,
				Base,
			);
			mainGroup = 40BE9CF82394D4E200802561;
			productRefGroup = 40BE9D022394D4E200802561 /* Products */;
			projectDirPath = "";
			projectRoot = "";
			targets = (
				40BE9D002394D4E200802561 /* FinalProject */,
			);
		};
/* End PBXProject section */

/* Begin PBXSourcesBuildPhase section */
		40BE9CFD2394D4E200802561 /* Sources */ = {
			isa = PBXSourcesBuildPhase;
			buildActionMask = 2147483647;
			files = (
				4050AB59239C0D140022C0EC /* MainCharacter.cpp in Sources */,
				40B04FC1239B687300C65C2F /* Frankenstein.cpp in Sources */,
				40526DDF2395DEB700A4BAD4 /* Menu.cpp in Sources */,
				40B04FC4239B688400C65C2F /* Medusa.cpp in Sources */,
				40526DDB2395D94300A4BAD4 /* Vampire.cpp in Sources */,
				40B04FBE239B4AD200C65C2F /* WereWolf.cpp in Sources */,
				40BE9D052394D4E200802561 /* main.cpp in Sources */,
				40526DE823962C0C00A4BAD4 /* MonsterSpace.cpp in Sources */,
				402CDB6E2399FA8C00719310 /* SpaceShip.cpp in Sources */,
				40526DE523962C0000A4BAD4 /* ClueSpace.cpp in Sources */,
				40526DE223962B0300A4BAD4 /* HomeSpace.cpp in Sources */,
				40526DEB2396301B00A4BAD4 /* Item.cpp in Sources */,
			);
			runOnlyForDeploymentPostprocessing = 0;
		};
/* End PBXSourcesBuildPhase section */

/* Begin XCBuildConfiguration section */
		40BE9D062394D4E200802561 /* Debug */ = {
			isa = XCBuildConfiguration;
			buildSettings = {
				ALWAYS_SEARCH_USER_PATHS = NO;
				CLANG_ANALYZER_NONNULL = YES;
				CLANG_ANALYZER_NUMBER_OBJECT_CONVERSION = YES_AGGRESSIVE;
				CLANG_CXX_LANGUAGE_STANDARD = "gnu++14";
				CLANG_CXX_LIBRARY = "libc++";
				CLANG_ENABLE_MODULES = YES;
				CLANG_ENABLE_OBJC_ARC = YES;
				CLANG_ENABLE_OBJC_WEAK = YES;
				CLANG_WARN_BLOCK_CAPTURE_AUTORELEASING = YES;
				CLANG_WARN_BOOL_CONVERSION = YES;
				CLANG_WARN_COMMA = YES;
				CLANG_WARN_CONSTANT_CONVERSION = YES;
				CLANG_WARN_DEPRECATED_OBJC_IMPLEMENTATIONS = YES;
				CLANG_WARN_DIRECT_OBJC_ISA_USAGE = YES_ERROR;
				CLANG_WARN_DOCUMENTATION_COMMENTS = YES;
				CLANG_WARN_EMPTY_BODY = YES;
				CLANG_WARN_ENUM_CONVERSION = YES;
				CLANG_WARN_INFINITE_RECURSION = YES;
				CLANG_WARN_INT_CONVERSION = YES;
				CLANG_WARN_NON_LITERAL_NULL_CONVERSION = YES;
				CLANG_WARN_OBJC_IMPLICIT_RETAIN_SELF = YES;
				CLANG_WARN_OBJC_LITERAL_CONVERSION = YES;
				CLANG_WARN_OBJC_ROOT_CLASS = YES_ERROR;
				CLANG_WARN_RANGE_LOOP_ANALYSIS = YES;
				CLANG_WARN_STRICT_PROTOTYPES = YES;
				CLANG_WARN_SUSPICIOUS_MOVE = YES;
				CLANG_WARN_UNGUARDED_AVAILABILITY = YES_AGGRESSIVE;
				CLANG_WARN_UNREACHABLE_CODE = YES;
				CLANG_WARN__DUPLICATE_METHOD_MATCH = YES;
				COPY_PHASE_STRIP = NO;
				DEBUG_INFORMATION_FORMAT = dwarf;
				ENABLE_STRICT_OBJC_MSGSEND = YES;
				ENABLE_TESTABILITY = YES;
				GCC_C_LANGUAGE_STANDARD = gnu11;
				GCC_DYNAMIC_NO_PIC = NO;
				GCC_NO_COMMON_BLOCKS = YES;
				GCC_OPTIMIZATION_LEVEL = 0;
				GCC_PREPROCESSOR_DEFINITIONS = (
					"DEBUG=1",
					"$(inherited)",
				);
				GCC_WARN_64_TO_32_BIT_CONVERSION = YES;
				GCC_WARN_ABOUT_RETURN_TYPE = YES_ERROR;
				GCC_WARN_UNDECLARED_SELECTOR = YES;
				GCC_WARN_UNINITIALIZED_AUTOS = YES_AGGRESSIVE;
				GCC_WARN_UNUSED_FUNCTION = YES;
				GCC_WARN_UNUSED_VARIABLE = YES;
				MACOSX_DEPLOYMENT_TARGET = 10.15;
				MTL_ENABLE_DEBUG_INFO = INCLUDE_SOURCE;
				MTL_FAST_MATH = YES;
				ONLY_ACTIVE_ARCH = YES;
				SDKROOT = macosx;
			};
			name = Debug;
		};
		40BE9D072394D4E200802561 /* Release */ = {
			isa = XCBuildConfiguration;
			buildSettings = {
				ALWAYS_SEARCH_USER_PATHS = NO;
				CLANG_ANALYZER_NONNULL = YES;
				CLANG_ANALYZER_NUMBER_OBJECT_CONVERSION = YES_AGGRESSIVE;
				CLANG_CXX_LANGUAGE_STANDARD = "gnu++14";
				CLANG_CXX_LIBRARY = "libc++";
				CLANG_ENABLE_MODULES = YES;
				CLANG_ENABLE_OBJC_ARC = YES;
				CLANG_ENABLE_OBJC_WEAK = YES;
				CLANG_WARN_BLOCK_CAPTURE_AUTORELEASING = YES;
				CLANG_WARN_BOOL_CONVERSION = YES;
				CLANG_WARN_COMMA = YES;
				CLANG_WARN_CONSTANT_CONVERSION = YES;
				CLANG_WARN_DEPRECATED_OBJC_IMPLEMENTATIONS = YES;
				CLANG_WARN_DIRECT_OBJC_ISA_USAGE = YES_ERROR;
				CLANG_WARN_DOCUMENTATION_COMMENTS = YES;
				CLANG_WARN_EMPTY_BODY = YES;
				CLANG_WARN_ENUM_CONVERSION = YES;
				CLANG_WARN_INFINITE_RECURSION = YES;
				CLANG_WARN_INT_CONVERSION = YES;
				CLANG_WARN_NON_LITERAL_NULL_CONVERSION = YES;
				CLANG_WARN_OBJC_IMPLICIT_RETAIN_SELF = YES;
				CLANG_WARN_OBJC_LITERAL_CONVERSION = YES;
				CLANG_WARN_OBJC_ROOT_CLASS = YES_ERROR;
				CLANG_WARN_RANGE_LOOP_ANALYSIS = YES;
				CLANG_WARN_STRICT_PROTOTYPES = YES;
				CLANG_WARN_SUSPICIOUS_MOVE = YES;
				CLANG_WARN_UNGUARDED_AVAILABILITY = YES_AGGRESSIVE;
				CLANG_WARN_UNREACHABLE_CODE = YES;
				CLANG_WARN__DUPLICATE_METHOD_MATCH = YES;
				COPY_PHASE_STRIP = NO;
				DEBUG_INFORMATION_FORMAT = "dwarf-with-dsym";
				ENABLE_NS_ASSERTIONS = NO;
				ENABLE_STRICT_OBJC_MSGSEND = YES;
				GCC_C_LANGUAGE_STANDARD = gnu11;
				GCC_NO_COMMON_BLOCKS = YES;
				GCC_WARN_64_TO_32_BIT_CONVERSION = YES;
				GCC_WARN_ABOUT_RETURN_TYPE = YES_ERROR;
				GCC_WARN_UNDECLARED_SELECTOR = YES;
				GCC_WARN_UNINITIALIZED_AUTOS = YES_AGGRESSIVE;
				GCC_WARN_UNUSED_FUNCTION = YES;
				GCC_WARN_UNUSED_VARIABLE = YES;
				MACOSX_DEPLOYMENT_TARGET = 10.15;
				MTL_ENABLE_DEBUG_INFO = NO;
				MTL_FAST_MATH = YES;
				SDKROOT = macosx;
			};
			name = Release;
		};
		40BE9D092394D4E200802561 /* Debug */ = {
			isa = XCBuildConfiguration;
			buildSettings = {
				CLANG_CXX_LANGUAGE_STANDARD = "c++0x";
				CODE_SIGN_STYLE = Automatic;
				PRODUCT_NAME = "$(TARGET_NAME)";
			};
			name = Debug;
		};
		40BE9D0A2394D4E200802561 /* Release */ = {
			isa = XCBuildConfiguration;
			buildSettings = {
				CLANG_CXX_LANGUAGE_STANDARD = "c++0x";
				CODE_SIGN_STYLE = Automatic;
				PRODUCT_NAME = "$(TARGET_NAME)";
			};
			name = Release;
		};
/* End XCBuildConfiguration section */

/* Begin XCConfigurationList section */
		40BE9CFC2394D4E200802561 /* Build configuration list for PBXProject "FinalProject" */ = {
			isa = XCConfigurationList;
			buildConfigurations = (
				40BE9D062394D4E200802561 /* Debug */,
				40BE9D072394D4E200802561 /* Release */,
			);
			defaultConfigurationIsVisible = 0;
			defaultConfigurationName = Release;
		};
		40BE9D082394D4E200802561 /* Build configuration list for PBXNativeTarget "FinalProject" */ = {
			isa = XCConfigurationList;
			buildConfigurations = (
				40BE9D092394D4E200802561 /* Debug */,
				40BE9D0A2394D4E200802561 /* Release */,
			);
			defaultConfigurationIsVisible = 0;
			defaultConfigurationName = Release;
		};
/* End XCConfigurationList section */
	};
	rootObject = 40BE9CF92394D4E200802561 /* Project object */;
}
